
Microsoft Visual Studio Solution File, Format Version 12.00
Project("{FAE04EC0-301F-11D3-BF4B-00C04F79EFBC}") = "PayamakCore", "PayamakCore\PayamakCore.csproj", "{D277030E-9BA6-4A99-A520-9D3A17CC1D69}"
EndProject
Global
	GlobalSection(SolutionConfigurationPlatforms) = preSolution
		Debug|Any CPU = Debug|Any CPU
		Release|Any CPU = Release|Any CPU
	EndGlobalSection
	GlobalSection(ProjectConfigurationPlatforms) = postSolution
		{D277030E-9BA6-4A99-A520-9D3A17CC1D69}.Debug|Any CPU.ActiveCfg = Debug|Any CPU
		{D277030E-9BA6-4A99-A520-9D3A17CC1D69}.Debug|Any CPU.Build.0 = Debug|Any CPU
		{D277030E-9BA6-4A99-A520-9D3A17CC1D69}.Release|Any CPU.ActiveCfg = Release|Any CPU
		{D277030E-9BA6-4A99-A520-9D3A17CC1D69}.Release|Any CPU.Build.0 = Release|Any CPU
	EndGlobalSection
EndGlobal
